
Microsoft Visual Studio Solution File, Format Version 12.00
# Visual Studio Version 17
VisualStudioVersion = 17.0.31903.59
MinimumVisualStudioVersion = 10.0.40219.1
Project("{9A19103F-16F7-4668-BE54-9A1E7A4F7556}") = "dotnet-charity-db", "dotnetCharity\dotnet-charity-db.csproj", "{9F689B51-FA91-48AB-9E91-1E0AB6A62E18}"
EndProject
Project("{9A19103F-16F7-4668-BE54-9A1E7A4F7556}") = "dotnetCharity.Test", "dotnetCharity.Test\dotnetCharity.Test.csproj", "{F8891719-47E0-45B3-9FD1-C384CA8191C0}"
EndProject
Global
	GlobalSection(SolutionConfigurationPlatforms) = preSolution
		Debug|Any CPU = Debug|Any CPU
		Release|Any CPU = Release|Any CPU
	EndGlobalSection
	GlobalSection(ProjectConfigurationPlatforms) = postSolution
		{9F689B51-FA91-48AB-9E91-1E0AB6A62E18}.Debug|Any CPU.ActiveCfg = Debug|Any CPU
		{9F689B51-FA91-48AB-9E91-1E0AB6A62E18}.Debug|Any CPU.Build.0 = Debug|Any CPU
		{9F689B51-FA91-48AB-9E91-1E0AB6A62E18}.Release|Any CPU.ActiveCfg = Release|Any CPU
		{9F689B51-FA91-48AB-9E91-1E0AB6A62E18}.Release|Any CPU.Build.0 = Release|Any CPU
		{F8891719-47E0-45B3-9FD1-C384CA8191C0}.Debug|Any CPU.ActiveCfg = Debug|Any CPU
		{F8891719-47E0-45B3-9FD1-C384CA8191C0}.Debug|Any CPU.Build.0 = Debug|Any CPU
		{F8891719-47E0-45B3-9FD1-C384CA8191C0}.Release|Any CPU.ActiveCfg = Release|Any CPU
		{F8891719-47E0-45B3-9FD1-C384CA8191C0}.Release|Any CPU.Build.0 = Release|Any CPU
	EndGlobalSection
	GlobalSection(SolutionProperties) = preSolution
		HideSolutionNode = FALSE
	EndGlobalSection
	GlobalSection(ExtensibilityGlobals) = postSolution
		SolutionGuid = {026A585A-F524-4A51-B585-5C8D994C5417}
	EndGlobalSection
EndGlobal
